// !$*UTF8*$!
{
	archiveVersion = 1;
	classes = {
	};
	objectVersion = 77;
	objects = {

/* Begin PBXBuildFile section */
		0A1FA3F83A79789FED884FF4 /* ReportContext.swift in Sources */ = {isa = PBXBuildFile; fileRef = 13EAC67497E758F643555772 /* ReportContext.swift */; };
		1EE74CC4E11881E729E38FE9 /* TotalActivityReport.swift in Sources */ = {isa = PBXBuildFile; fileRef = 7700D1114FCD2CCA410E3F93 /* TotalActivityReport.swift */; };
		22079D65ED5770FCFD03C60B /* ReportContext.swift in Sources */ = {isa = PBXBuildFile; fileRef = 13EAC67497E758F643555772 /* ReportContext.swift */; };
		2719EFD40C6C5805D1854629 /* HealthStore.swift in Sources */ = {isa = PBXBuildFile; fileRef = 7F41086E3F3895B053BF8440 /* HealthStore.swift */; };
		420BA6406893B5E621150AE1 /* ReportContext.swift in Sources */ = {isa = PBXBuildFile; fileRef = 13EAC67497E758F643555772 /* ReportContext.swift */; };
		4766B9D3D55CB69F0BB89217 /* LumenModel.swift in Sources */ = {isa = PBXBuildFile; fileRef = 1889C12EFDE21DA0BDD151C6 /* LumenModel.swift */; };
		5B0D30F608B96555E17C6FF0 /* DeviceActivityMonitorExtension.swift in Sources */ = {isa = PBXBuildFile; fileRef = 7DAC4CFAB7BD607D056288CD /* DeviceActivityMonitorExtension.swift */; };
		63CA6F4A353056F178970BC8 /* Pillars.swift in Sources */ = {isa = PBXBuildFile; fileRef = BA3A645589DACCA7DCECD5FB /* Pillars.swift */; };
		6641BB95F5FA3144F98B0CC4 /* LumenReportExtension.swift in Sources */ = {isa = PBXBuildFile; fileRef = E9287E664C0F94B680CD9CA5 /* LumenReportExtension.swift */; };
		6ACB7B053FD6A9EEF2FE03BD /* SettingsView.swift in Sources */ = {isa = PBXBuildFile; fileRef = FCFC0833E2772C7462238290 /* SettingsView.swift */; };
		6EFB9B75BD237BF06ABEDA7C /* FocusView.swift in Sources */ = {isa = PBXBuildFile; fileRef = 49FEDCEB3776C7BC5DAF8C3D /* FocusView.swift */; };
		773FA1361E95D40DD6310993 /* LumenApp.swift in Sources */ = {isa = PBXBuildFile; fileRef = A9BED7C9127526606A596340 /* LumenApp.swift */; };
		85D6515AAC86502BC003C13F /* TrendsView.swift in Sources */ = {isa = PBXBuildFile; fileRef = 28D8AF2CB38B615790F103D9 /* TrendsView.swift */; };
		994F782287920E4097852C07 /* Assets.xcassets in Resources */ = {isa = PBXBuildFile; fileRef = A344EC8028FF1FF31AA92DBD /* Assets.xcassets */; };
		A454DD43C65D9F868F15C2C3 /* TotalActivityView.swift in Sources */ = {isa = PBXBuildFile; fileRef = 21E26E4CCF6126B0E5C32432 /* TotalActivityView.swift */; };
		A6757B882F3521FBDF1A23C7 /* RootView.swift in Sources */ = {isa = PBXBuildFile; fileRef = 94B0796A085C2D49E78A5880 /* RootView.swift */; };
		B4D361A74F2CCDDB15774840 /* LumenActivityReport.appex in Embed Foundation Extensions */ = {isa = PBXBuildFile; fileRef = D42F1BE331A3AD54F4ABEDB5 /* LumenActivityReport.appex */; settings = {ATTRIBUTES = (RemoveHeadersOnCopy, ); }; };
		C8D4980292C2D9B853A326D4 /* LumenActivityMonitor.appex in Embed Foundation Extensions */ = {isa = PBXBuildFile; fileRef = 7A9E9C9D22EDF17E2775119D /* LumenActivityMonitor.appex */; settings = {ATTRIBUTES = (RemoveHeadersOnCopy, ); }; };
		D9B5D8E4BD82B0828606FFD9 /* Scoring.swift in Sources */ = {isa = PBXBuildFile; fileRef = 818033FEB9756323E9484C28 /* Scoring.swift */; };
		E8E5FCB9D945A379D2C11259 /* TodayView.swift in Sources */ = {isa = PBXBuildFile; fileRef = 4DE30672CA6CEE647FF276CE /* TodayView.swift */; };
		EBE3AC4DB319BCC0789558B2 /* Theme.swift in Sources */ = {isa = PBXBuildFile; fileRef = E2475E95C93F9949E6E88330 /* Theme.swift */; };
/* End PBXBuildFile section */

/* Begin PBXContainerItemProxy section */
		B8458ADB212997912292D930 /* PBXContainerItemProxy */ = {
			isa = PBXContainerItemProxy;
			containerPortal = B6B7785E344ACFF4DA083092 /* Project object */;
			proxyType = 1;
			remoteGlobalIDString = 7504E61195E7AEDFCBC59ED4;
			remoteInfo = LumenActivityReport;
		};
		D25DD56C6BCCB18730E0E8A0 /* PBXContainerItemProxy */ = {
			isa = PBXContainerItemProxy;
			containerPortal = B6B7785E344ACFF4DA083092 /* Project object */;
			proxyType = 1;
			remoteGlobalIDString = 96E6E2F04ABCF7737D368265;
			remoteInfo = LumenActivityMonitor;
		};
/* End PBXContainerItemProxy section */

/* Begin PBXCopyFilesBuildPhase section */
		E5B62F48085CF1368B34BF7E /* Embed Foundation Extensions */ = {
			isa = PBXCopyFilesBuildPhase;
			buildActionMask = 2147483647;
			dstPath = "";
			dstSubfolderSpec = 13;
			files = (
				B4D361A74F2CCDDB15774840 /* LumenActivityReport.appex in Embed Foundation Extensions */,
				C8D4980292C2D9B853A326D4 /* LumenActivityMonitor.appex in Embed Foundation Extensions */,
			);
			name = "Embed Foundation Extensions";
			runOnlyForDeploymentPostprocessing = 0;
		};
/* End PBXCopyFilesBuildPhase section */

/* Begin PBXFileReference section */
		0CD0E32DB9F2FF6CF0C8687F /* LumenActivityReport.entitlements */ = {isa = PBXFileReference; lastKnownFileType = text.plist.entitlements; path = LumenActivityReport.entitlements; sourceTree = "<group>"; };
		13EAC67497E758F643555772 /* ReportContext.swift */ = {isa = PBXFileReference; lastKnownFileType = sourcecode.swift; path = ReportContext.swift; sourceTree = "<group>"; };
		1889C12EFDE21DA0BDD151C6 /* LumenModel.swift */ = {isa = PBXFileReference; lastKnownFileType = sourcecode.swift; path = LumenModel.swift; sourceTree = "<group>"; };
		20C7E1313AD094B939364D07 /* LumenActivityMonitor.entitlements */ = {isa = PBXFileReference; lastKnownFileType = text.plist.entitlements; path = LumenActivityMonitor.entitlements; sourceTree = "<group>"; };
		21E26E4CCF6126B0E5C32432 /* TotalActivityView.swift */ = {isa = PBXFileReference; lastKnownFileType = sourcecode.swift; path = TotalActivityView.swift; sourceTree = "<group>"; };
		28D8AF2CB38B615790F103D9 /* TrendsView.swift */ = {isa = PBXFileReference; lastKnownFileType = sourcecode.swift; path = TrendsView.swift; sourceTree = "<group>"; };
		337A3269E47126DC851115EE /* Lumen.app */ = {isa = PBXFileReference; includeInIndex = 0; lastKnownFileType = wrapper.application; path = Lumen.app; sourceTree = BUILT_PRODUCTS_DIR; };
		49FEDCEB3776C7BC5DAF8C3D /* FocusView.swift */ = {isa = PBXFileReference; lastKnownFileType = sourcecode.swift; path = FocusView.swift; sourceTree = "<group>"; };
		4DE30672CA6CEE647FF276CE /* TodayView.swift */ = {isa = PBXFileReference; lastKnownFileType = sourcecode.swift; path = TodayView.swift; sourceTree = "<group>"; };
		6C8D0FF50322D0F353130290 /* Info.plist */ = {isa = PBXFileReference; lastKnownFileType = text.plist; path = Info.plist; sourceTree = "<group>"; };
		7700D1114FCD2CCA410E3F93 /* TotalActivityReport.swift */ = {isa = PBXFileReference; lastKnownFileType = sourcecode.swift; path = TotalActivityReport.swift; sourceTree = "<group>"; };
		7A9E9C9D22EDF17E2775119D /* LumenActivityMonitor.appex */ = {isa = PBXFileReference; includeInIndex = 0; lastKnownFileType = "wrapper.app-extension"; path = LumenActivityMonitor.appex; sourceTree = BUILT_PRODUCTS_DIR; };
		7DAC4CFAB7BD607D056288CD /* DeviceActivityMonitorExtension.swift */ = {isa = PBXFileReference; lastKnownFileType = sourcecode.swift; path = DeviceActivityMonitorExtension.swift; sourceTree = "<group>"; };
		7F41086E3F3895B053BF8440 /* HealthStore.swift */ = {isa = PBXFileReference; lastKnownFileType = sourcecode.swift; path = HealthStore.swift; sourceTree = "<group>"; };
		818033FEB9756323E9484C28 /* Scoring.swift */ = {isa = PBXFileReference; lastKnownFileType = sourcecode.swift; path = Scoring.swift; sourceTree = "<group>"; };
		94B0796A085C2D49E78A5880 /* RootView.swift */ = {isa = PBXFileReference; lastKnownFileType = sourcecode.swift; path = RootView.swift; sourceTree = "<group>"; };
		A0FD122A32BA88A402CB3F8B /* Lumen.entitlements */ = {isa = PBXFileReference; lastKnownFileType = text.plist.entitlements; path = Lumen.entitlements; sourceTree = "<group>"; };
		A344EC8028FF1FF31AA92DBD /* Assets.xcassets */ = {isa = PBXFileReference; lastKnownFileType = folder.assetcatalog; path = Assets.xcassets; sourceTree = "<group>"; };
		A9BED7C9127526606A596340 /* LumenApp.swift */ = {isa = PBXFileReference; lastKnownFileType = sourcecode.swift; path = LumenApp.swift; sourceTree = "<group>"; };
		BA3A645589DACCA7DCECD5FB /* Pillars.swift */ = {isa = PBXFileReference; lastKnownFileType = sourcecode.swift; path = Pillars.swift; sourceTree = "<group>"; };
		D42F1BE331A3AD54F4ABEDB5 /* LumenActivityReport.appex */ = {isa = PBXFileReference; includeInIndex = 0; lastKnownFileType = "wrapper.app-extension"; path = LumenActivityReport.appex; sourceTree = BUILT_PRODUCTS_DIR; };
		E2475E95C93F9949E6E88330 /* Theme.swift */ = {isa = PBXFileReference; lastKnownFileType = sourcecode.swift; path = Theme.swift; sourceTree = "<group>"; };
		E8F8A3B7E544FAC0337EF3D7 /* Info.plist */ = {isa = PBXFileReference; lastKnownFileType = text.plist; path = Info.plist; sourceTree = "<group>"; };
		E9287E664C0F94B680CD9CA5 /* LumenReportExtension.swift */ = {isa = PBXFileReference; lastKnownFileType = sourcecode.swift; path = LumenReportExtension.swift; sourceTree = "<group>"; };
		FCFC0833E2772C7462238290 /* SettingsView.swift */ = {isa = PBXFileReference; lastKnownFileType = sourcecode.swift; path = SettingsView.swift; sourceTree = "<group>"; };
/* End PBXFileReference section */

/* Begin PBXGroup section */
		3D6C9A073723A54628361039 = {
			isa = PBXGroup;
			children = (
				9A87E38572968714465B9877 /* Lumen */,
				D5EF10C0E4EF6AFDC9FC5202 /* LumenActivityMonitor */,
				D0A8C79399DCE7DE59C975FD /* LumenActivityReport */,
				D6A4F247132006FD44A4688D /* Shared */,
				70C838A3277A6AAF3F2B0484 /* Products */,
			);
			sourceTree = "<group>";
		};
		42BAF569E0FECC28CDFBCB3B /* Resources */ = {
			isa = PBXGroup;
			children = (
				A344EC8028FF1FF31AA92DBD /* Assets.xcassets */,
			);
			path = Resources;
			sourceTree = "<group>";
		};
		618FA682C00428AB24457295 /* ViewModel */ = {
			isa = PBXGroup;
			children = (
				1889C12EFDE21DA0BDD151C6 /* LumenModel.swift */,
			);
			path = ViewModel;
			sourceTree = "<group>";
		};
		6E945A8E49CE060AA6FD8BE8 /* Health */ = {
			isa = PBXGroup;
			children = (
				7F41086E3F3895B053BF8440 /* HealthStore.swift */,
			);
			path = Health;
			sourceTree = "<group>";
		};
		70C838A3277A6AAF3F2B0484 /* Products */ = {
			isa = PBXGroup;
			children = (
				337A3269E47126DC851115EE /* Lumen.app */,
				7A9E9C9D22EDF17E2775119D /* LumenActivityMonitor.appex */,
				D42F1BE331A3AD54F4ABEDB5 /* LumenActivityReport.appex */,
			);
			name = Products;
			sourceTree = "<group>";
		};
		9A87E38572968714465B9877 /* Lumen */ = {
			isa = PBXGroup;
			children = (
				6E945A8E49CE060AA6FD8BE8 /* Health */,
				E5D4DC352786992867F45FE7 /* Models */,
				42BAF569E0FECC28CDFBCB3B /* Resources */,
				618FA682C00428AB24457295 /* ViewModel */,
				EF1674E1CF9C2121AE622855 /* Views */,
				A0FD122A32BA88A402CB3F8B /* Lumen.entitlements */,
				A9BED7C9127526606A596340 /* LumenApp.swift */,
			);
			path = Lumen;
			sourceTree = "<group>";
		};
		D0A8C79399DCE7DE59C975FD /* LumenActivityReport */ = {
			isa = PBXGroup;
			children = (
				E8F8A3B7E544FAC0337EF3D7 /* Info.plist */,
				0CD0E32DB9F2FF6CF0C8687F /* LumenActivityReport.entitlements */,
				E9287E664C0F94B680CD9CA5 /* LumenReportExtension.swift */,
				7700D1114FCD2CCA410E3F93 /* TotalActivityReport.swift */,
				21E26E4CCF6126B0E5C32432 /* TotalActivityView.swift */,
			);
			path = LumenActivityReport;
			sourceTree = "<group>";
		};
		D5EF10C0E4EF6AFDC9FC5202 /* LumenActivityMonitor */ = {
			isa = PBXGroup;
			children = (
				7DAC4CFAB7BD607D056288CD /* DeviceActivityMonitorExtension.swift */,
				6C8D0FF50322D0F353130290 /* Info.plist */,
				20C7E1313AD094B939364D07 /* LumenActivityMonitor.entitlements */,
			);
			path = LumenActivityMonitor;
			sourceTree = "<group>";
		};
		D6A4F247132006FD44A4688D /* Shared */ = {
			isa = PBXGroup;
			children = (
				13EAC67497E758F643555772 /* ReportContext.swift */,
			);
			path = Shared;
			sourceTree = "<group>";
		};
		E5D4DC352786992867F45FE7 /* Models */ = {
			isa = PBXGroup;
			children = (
				BA3A645589DACCA7DCECD5FB /* Pillars.swift */,
				818033FEB9756323E9484C28 /* Scoring.swift */,
			);
			path = Models;
			sourceTree = "<group>";
		};
		EF1674E1CF9C2121AE622855 /* Views */ = {
			isa = PBXGroup;
			children = (
				49FEDCEB3776C7BC5DAF8C3D /* FocusView.swift */,
				94B0796A085C2D49E78A5880 /* RootView.swift */,
				FCFC0833E2772C7462238290 /* SettingsView.swift */,
				E2475E95C93F9949E6E88330 /* Theme.swift */,
				4DE30672CA6CEE647FF276CE /* TodayView.swift */,
				28D8AF2CB38B615790F103D9 /* TrendsView.swift */,
			);
			path = Views;
			sourceTree = "<group>";
		};
/* End PBXGroup section */

/* Begin PBXNativeTarget section */
		3604D51825E37895FA8BE7E6 /* Lumen */ = {
			isa = PBXNativeTarget;
			buildConfigurationList = 1B1DA35D7489FDDE3E5094CF /* Build configuration list for PBXNativeTarget "Lumen" */;
			buildPhases = (
				04E1F8E02FA22F0432CCEA4F /* Sources */,
				2F1ADCC8D621EDFBF2163C5B /* Resources */,
				E5B62F48085CF1368B34BF7E /* Embed Foundation Extensions */,
			);
			buildRules = (
			);
			dependencies = (
				4E42541E4DCCAE9736B1C517 /* PBXTargetDependency */,
				921BB2966FAC94C27D8017F6 /* PBXTargetDependency */,
			);
			name = Lumen;
			packageProductDependencies = (
			);
			productName = Lumen;
			productReference = 337A3269E47126DC851115EE /* Lumen.app */;
			productType = "com.apple.product-type.application";
		};
		7504E61195E7AEDFCBC59ED4 /* LumenActivityReport */ = {
			isa = PBXNativeTarget;
			buildConfigurationList = 613EFDE6ED5DCB78AAE80574 /* Build configuration list for PBXNativeTarget "LumenActivityReport" */;
			buildPhases = (
				40EA9B6C5E237CF7E5E928B6 /* Sources */,
			);
			buildRules = (
			);
			dependencies = (
			);
			name = LumenActivityReport;
			packageProductDependencies = (
			);
			productName = LumenActivityReport;
			productReference = D42F1BE331A3AD54F4ABEDB5 /* LumenActivityReport.appex */;
			productType = "com.apple.product-type.app-extension";
		};
		96E6E2F04ABCF7737D368265 /* LumenActivityMonitor */ = {
			isa = PBXNativeTarget;
			buildConfigurationList = E2EA8EF10CACBF965341DC20 /* Build configuration list for PBXNativeTarget "LumenActivityMonitor" */;
			buildPhases = (
				AF4B453B0903485120E37BB0 /* Sources */,
			);
			buildRules = (
			);
			dependencies = (
			);
			name = LumenActivityMonitor;
			packageProductDependencies = (
			);
			productName = LumenActivityMonitor;
			productReference = 7A9E9C9D22EDF17E2775119D /* LumenActivityMonitor.appex */;
			productType = "com.apple.product-type.app-extension";
		};
/* End PBXNativeTarget section */

/* Begin PBXProject section */
		B6B7785E344ACFF4DA083092 /* Project object */ = {
			isa = PBXProject;
			attributes = {
				BuildIndependentTargetsInParallel = YES;
				LastUpgradeCheck = 1430;
				TargetAttributes = {
					3604D51825E37895FA8BE7E6 = {
						DevelopmentTeam = "";
						ProvisioningStyle = Automatic;
					};
					7504E61195E7AEDFCBC59ED4 = {
						DevelopmentTeam = "";
						ProvisioningStyle = Automatic;
					};
					96E6E2F04ABCF7737D368265 = {
						DevelopmentTeam = "";
						ProvisioningStyle = Automatic;
					};
				};
			};
			buildConfigurationList = CAE5F36F192090F76737D08C /* Build configuration list for PBXProject "Lumen" */;
			developmentRegion = en;
			hasScannedForEncodings = 0;
			knownRegions = (
				Base,
				en,
			);
			mainGroup = 3D6C9A073723A54628361039;
			minimizedProjectReferenceProxies = 1;
			preferredProjectObjectVersion = 77;
			productRefGroup = 70C838A3277A6AAF3F2B0484 /* Products */;
			projectDirPath = "";
			projectRoot = "";
			targets = (
				3604D51825E37895FA8BE7E6 /* Lumen */,
				96E6E2F04ABCF7737D368265 /* LumenActivityMonitor */,
				7504E61195E7AEDFCBC59ED4 /* LumenActivityReport */,
			);
		};
/* End PBXProject section */

/* Begin PBXResourcesBuildPhase section */
		2F1ADCC8D621EDFBF2163C5B /* Resources */ = {
			isa = PBXResourcesBuildPhase;
			buildActionMask = 2147483647;
			files = (
				994F782287920E4097852C07 /* Assets.xcassets in Resources */,
			);
			runOnlyForDeploymentPostprocessing = 0;
		};
/* End PBXResourcesBuildPhase section */

/* Begin PBXSourcesBuildPhase section */
		04E1F8E02FA22F0432CCEA4F /* Sources */ = {
			isa = PBXSourcesBuildPhase;
			buildActionMask = 2147483647;
			files = (
				6EFB9B75BD237BF06ABEDA7C /* FocusView.swift in Sources */,
				2719EFD40C6C5805D1854629 /* HealthStore.swift in Sources */,
				773FA1361E95D40DD6310993 /* LumenApp.swift in Sources */,
				4766B9D3D55CB69F0BB89217 /* LumenModel.swift in Sources */,
				63CA6F4A353056F178970BC8 /* Pillars.swift in Sources */,
				0A1FA3F83A79789FED884FF4 /* ReportContext.swift in Sources */,
				A6757B882F3521FBDF1A23C7 /* RootView.swift in Sources */,
				D9B5D8E4BD82B0828606FFD9 /* Scoring.swift in Sources */,
				6ACB7B053FD6A9EEF2FE03BD /* SettingsView.swift in Sources */,
				EBE3AC4DB319BCC0789558B2 /* Theme.swift in Sources */,
				E8E5FCB9D945A379D2C11259 /* TodayView.swift in Sources */,
				85D6515AAC86502BC003C13F /* TrendsView.swift in Sources */,
			);
			runOnlyForDeploymentPostprocessing = 0;
		};
		40EA9B6C5E237CF7E5E928B6 /* Sources */ = {
			isa = PBXSourcesBuildPhase;
			buildActionMask = 2147483647;
			files = (
				6641BB95F5FA3144F98B0CC4 /* LumenReportExtension.swift in Sources */,
				22079D65ED5770FCFD03C60B /* ReportContext.swift in Sources */,
				1EE74CC4E11881E729E38FE9 /* TotalActivityReport.swift in Sources */,
				A454DD43C65D9F868F15C2C3 /* TotalActivityView.swift in Sources */,
			);
			runOnlyForDeploymentPostprocessing = 0;
		};
		AF4B453B0903485120E37BB0 /* Sources */ = {
			isa = PBXSourcesBuildPhase;
			buildActionMask = 2147483647;
			files = (
				5B0D30F608B96555E17C6FF0 /* DeviceActivityMonitorExtension.swift in Sources */,
				420BA6406893B5E621150AE1 /* ReportContext.swift in Sources */,
			);
			runOnlyForDeploymentPostprocessing = 0;
		};
/* End PBXSourcesBuildPhase section */

/* Begin PBXTargetDependency section */
		4E42541E4DCCAE9736B1C517 /* PBXTargetDependency */ = {
			isa = PBXTargetDependency;
			target = 7504E61195E7AEDFCBC59ED4 /* LumenActivityReport */;
			targetProxy = B8458ADB212997912292D930 /* PBXContainerItemProxy */;
		};
		921BB2966FAC94C27D8017F6 /* PBXTargetDependency */ = {
			isa = PBXTargetDependency;
			target = 96E6E2F04ABCF7737D368265 /* LumenActivityMonitor */;
			targetProxy = D25DD56C6BCCB18730E0E8A0 /* PBXContainerItemProxy */;
		};
/* End PBXTargetDependency section */

/* Begin XCBuildConfiguration section */
		2D2F99B6443D2E21D64FD94E /* Release */ = {
			isa = XCBuildConfiguration;
			buildSettings = {
				ALWAYS_SEARCH_USER_PATHS = NO;
				CLANG_ANALYZER_NONNULL = YES;
				CLANG_ANALYZER_NUMBER_OBJECT_CONVERSION = YES_AGGRESSIVE;
				CLANG_CXX_LANGUAGE_STANDARD = "gnu++14";
				CLANG_CXX_LIBRARY = "libc++";
				CLANG_ENABLE_MODULES = YES;
				CLANG_ENABLE_OBJC_ARC = YES;
				CLANG_ENABLE_OBJC_WEAK = YES;
				CLANG_WARN_BLOCK_CAPTURE_AUTORELEASING = YES;
				CLANG_WARN_BOOL_CONVERSION = YES;
				CLANG_WARN_COMMA = YES;
				CLANG_WARN_CONSTANT_CONVERSION = YES;
				CLANG_WARN_DEPRECATED_OBJC_IMPLEMENTATIONS = YES;
				CLANG_WARN_DIRECT_OBJC_ISA_USAGE = YES_ERROR;
				CLANG_WARN_DOCUMENTATION_COMMENTS = YES;
				CLANG_WARN_EMPTY_BODY = YES;
				CLANG_WARN_ENUM_CONVERSION = YES;
				CLANG_WARN_INFINITE_RECURSION = YES;
				CLANG_WARN_INT_CONVERSION = YES;
				CLANG_WARN_NON_LITERAL_NULL_CONVERSION = YES;
				CLANG_WARN_OBJC_IMPLICIT_RETAIN_SELF = YES;
				CLANG_WARN_OBJC_LITERAL_CONVERSION = YES;
				CLANG_WARN_OBJC_ROOT_CLASS = YES_ERROR;
				CLANG_WARN_QUOTED_INCLUDE_IN_FRAMEWORK_HEADER = YES;
				CLANG_WARN_RANGE_LOOP_ANALYSIS = YES;
				CLANG_WARN_STRICT_PROTOTYPES = YES;
				CLANG_WARN_SUSPICIOUS_MOVE = YES;
				CLANG_WARN_UNGUARDED_AVAILABILITY = YES_AGGRESSIVE;
				CLANG_WARN_UNREACHABLE_CODE = YES;
				CLANG_WARN__DUPLICATE_METHOD_MATCH = YES;
				CODE_SIGN_STYLE = Automatic;
				COPY_PHASE_STRIP = NO;
				CURRENT_PROJECT_VERSION = 1;
				DEBUG_INFORMATION_FORMAT = "dwarf-with-dsym";
				DEVELOPMENT_TEAM = "";
				ENABLE_NS_ASSERTIONS = NO;
				ENABLE_STRICT_OBJC_MSGSEND = YES;
				GCC_C_LANGUAGE_STANDARD = gnu11;
				GCC_NO_COMMON_BLOCKS = YES;
				GCC_WARN_64_TO_32_BIT_CONVERSION = YES;
				GCC_WARN_ABOUT_RETURN_TYPE = YES_ERROR;
				GCC_WARN_UNDECLARED_SELECTOR = YES;
				GCC_WARN_UNINITIALIZED_AUTOS = YES_AGGRESSIVE;
				GCC_WARN_UNUSED_FUNCTION = YES;
				GCC_WARN_UNUSED_VARIABLE = YES;
				IPHONEOS_DEPLOYMENT_TARGET = 17.0;
				MARKETING_VERSION = 1.0;
				MTL_ENABLE_DEBUG_INFO = NO;
				MTL_FAST_MATH = YES;
				PRODUCT_NAME = "$(TARGET_NAME)";
				SDKROOT = iphoneos;
				SWIFT_COMPILATION_MODE = wholemodule;
				SWIFT_OPTIMIZATION_LEVEL = "-O";
				SWIFT_VERSION = 5.0;
			};
			name = Release;
		};
		495B8F62CC5EA7D99DAD8F2D /* Debug */ = {
			isa = XCBuildConfiguration;
			buildSettings = {
				ASSETCATALOG_COMPILER_APPICON_NAME = AppIcon;
				ASSETCATALOG_COMPILER_GLOBAL_ACCENT_COLOR_NAME = AccentColor;
				CODE_SIGN_ENTITLEMENTS = Lumen/Lumen.entitlements;
				CODE_SIGN_IDENTITY = "iPhone Developer";
				GENERATE_INFOPLIST_FILE = YES;
				INFOPLIST_KEY_NSHealthShareUsageDescription = "Lumen reads your Health data (sleep, activity, heart, and body metrics) to compute your daily Life Score. It stays on your device and is never uploaded.";
				INFOPLIST_KEY_NSHealthUpdateUsageDescription = "Lumen does not write any data to Health.";
				INFOPLIST_KEY_UIApplicationSceneManifest_Generation = YES;
				INFOPLIST_KEY_UILaunchScreen_Generation = YES;
				INFOPLIST_KEY_UISupportedInterfaceOrientations = UIInterfaceOrientationPortrait;
				IPHONEOS_DEPLOYMENT_TARGET = 17.0;
				LD_RUNPATH_SEARCH_PATHS = (
					"$(inherited)",
					"@executable_path/Frameworks",
				);
				PRODUCT_BUNDLE_IDENTIFIER = com.lyonecho.lumen;
				SDKROOT = iphoneos;
				TARGETED_DEVICE_FAMILY = 1;
			};
			name = Debug;
		};
		AA076C7BC7C6C45F1BB03F03 /* Debug */ = {
			isa = XCBuildConfiguration;
			buildSettings = {
				ALWAYS_SEARCH_USER_PATHS = NO;
				CLANG_ANALYZER_NONNULL = YES;
				CLANG_ANALYZER_NUMBER_OBJECT_CONVERSION = YES_AGGRESSIVE;
				CLANG_CXX_LANGUAGE_STANDARD = "gnu++14";
				CLANG_CXX_LIBRARY = "libc++";
				CLANG_ENABLE_MODULES = YES;
				CLANG_ENABLE_OBJC_ARC = YES;
				CLANG_ENABLE_OBJC_WEAK = YES;
				CLANG_WARN_BLOCK_CAPTURE_AUTORELEASING = YES;
				CLANG_WARN_BOOL_CONVERSION = YES;
				CLANG_WARN_COMMA = YES;
				CLANG_WARN_CONSTANT_CONVERSION = YES;
				CLANG_WARN_DEPRECATED_OBJC_IMPLEMENTATIONS = YES;
				CLANG_WARN_DIRECT_OBJC_ISA_USAGE = YES_ERROR;
				CLANG_WARN_DOCUMENTATION_COMMENTS = YES;
				CLANG_WARN_EMPTY_BODY = YES;
				CLANG_WARN_ENUM_CONVERSION = YES;
				CLANG_WARN_INFINITE_RECURSION = YES;
				CLANG_WARN_INT_CONVERSION = YES;
				CLANG_WARN_NON_LITERAL_NULL_CONVERSION = YES;
				CLANG_WARN_OBJC_IMPLICIT_RETAIN_SELF = YES;
				CLANG_WARN_OBJC_LITERAL_CONVERSION = YES;
				CLANG_WARN_OBJC_ROOT_CLASS = YES_ERROR;
				CLANG_WARN_QUOTED_INCLUDE_IN_FRAMEWORK_HEADER = YES;
				CLANG_WARN_RANGE_LOOP_ANALYSIS = YES;
				CLANG_WARN_STRICT_PROTOTYPES = YES;
				CLANG_WARN_SUSPICIOUS_MOVE = YES;
				CLANG_WARN_UNGUARDED_AVAILABILITY = YES_AGGRESSIVE;
				CLANG_WARN_UNREACHABLE_CODE = YES;
				CLANG_WARN__DUPLICATE_METHOD_MATCH = YES;
				CODE_SIGN_STYLE = Automatic;
				COPY_PHASE_STRIP = NO;
				CURRENT_PROJECT_VERSION = 1;
				DEBUG_INFORMATION_FORMAT = dwarf;
				DEVELOPMENT_TEAM = "";
				ENABLE_STRICT_OBJC_MSGSEND = YES;
				ENABLE_TESTABILITY = YES;
				GCC_C_LANGUAGE_STANDARD = gnu11;
				GCC_DYNAMIC_NO_PIC = NO;
				GCC_NO_COMMON_BLOCKS = YES;
				GCC_OPTIMIZATION_LEVEL = 0;
				GCC_PREPROCESSOR_DEFINITIONS = (
					"$(inherited)",
					"DEBUG=1",
				);
				GCC_WARN_64_TO_32_BIT_CONVERSION = YES;
				GCC_WARN_ABOUT_RETURN_TYPE = YES_ERROR;
				GCC_WARN_UNDECLARED_SELECTOR = YES;
				GCC_WARN_UNINITIALIZED_AUTOS = YES_AGGRESSIVE;
				GCC_WARN_UNUSED_FUNCTION = YES;
				GCC_WARN_UNUSED_VARIABLE = YES;
				IPHONEOS_DEPLOYMENT_TARGET = 17.0;
				MARKETING_VERSION = 1.0;
				MTL_ENABLE_DEBUG_INFO = INCLUDE_SOURCE;
				MTL_FAST_MATH = YES;
				ONLY_ACTIVE_ARCH = YES;
				PRODUCT_NAME = "$(TARGET_NAME)";
				SDKROOT = iphoneos;
				SWIFT_ACTIVE_COMPILATION_CONDITIONS = DEBUG;
				SWIFT_OPTIMIZATION_LEVEL = "-Onone";
				SWIFT_VERSION = 5.0;
			};
			name = Debug;
		};
		B1831998841A58A180C26382 /* Release */ = {
			isa = XCBuildConfiguration;
			buildSettings = {
				CODE_SIGN_ENTITLEMENTS = LumenActivityMonitor/LumenActivityMonitor.entitlements;
				GENERATE_INFOPLIST_FILE = NO;
				INFOPLIST_FILE = LumenActivityMonitor/Info.plist;
				IPHONEOS_DEPLOYMENT_TARGET = 17.0;
				LD_RUNPATH_SEARCH_PATHS = (
					"$(inherited)",
					"@executable_path/Frameworks",
					"@executable_path/../../Frameworks",
				);
				PRODUCT_BUNDLE_IDENTIFIER = com.lyonecho.lumen.activitymonitor;
				SDKROOT = iphoneos;
				TARGETED_DEVICE_FAMILY = 1;
			};
			name = Release;
		};
		C202B98F075197DD57DFB752 /* Release */ = {
			isa = XCBuildConfiguration;
			buildSettings = {
				CODE_SIGN_ENTITLEMENTS = LumenActivityReport/LumenActivityReport.entitlements;
				GENERATE_INFOPLIST_FILE = NO;
				INFOPLIST_FILE = LumenActivityReport/Info.plist;
				IPHONEOS_DEPLOYMENT_TARGET = 17.0;
				LD_RUNPATH_SEARCH_PATHS = (
					"$(inherited)",
					"@executable_path/Frameworks",
					"@executable_path/../../Frameworks",
				);
				PRODUCT_BUNDLE_IDENTIFIER = com.lyonecho.lumen.activityreport;
				SDKROOT = iphoneos;
				TARGETED_DEVICE_FAMILY = 1;
			};
			name = Release;
		};
		D2BFEB14987ECDBD9CD9928B /* Debug */ = {
			isa = XCBuildConfiguration;
			buildSettings = {
				CODE_SIGN_ENTITLEMENTS = LumenActivityMonitor/LumenActivityMonitor.entitlements;
				GENERATE_INFOPLIST_FILE = NO;
				INFOPLIST_FILE = LumenActivityMonitor/Info.plist;
				IPHONEOS_DEPLOYMENT_TARGET = 17.0;
				LD_RUNPATH_SEARCH_PATHS = (
					"$(inherited)",
					"@executable_path/Frameworks",
					"@executable_path/../../Frameworks",
				);
				PRODUCT_BUNDLE_IDENTIFIER = com.lyonecho.lumen.activitymonitor;
				SDKROOT = iphoneos;
				TARGETED_DEVICE_FAMILY = 1;
			};
			name = Debug;
		};
		DB69D605D392822F88A42FB2 /* Release */ = {
			isa = XCBuildConfiguration;
			buildSettings = {
				ASSETCATALOG_COMPILER_APPICON_NAME = AppIcon;
				ASSETCATALOG_COMPILER_GLOBAL_ACCENT_COLOR_NAME = AccentColor;
				CODE_SIGN_ENTITLEMENTS = Lumen/Lumen.entitlements;
				CODE_SIGN_IDENTITY = "iPhone Developer";
				GENERATE_INFOPLIST_FILE = YES;
				INFOPLIST_KEY_NSHealthShareUsageDescription = "Lumen reads your Health data (sleep, activity, heart, and body metrics) to compute your daily Life Score. It stays on your device and is never uploaded.";
				INFOPLIST_KEY_NSHealthUpdateUsageDescription = "Lumen does not write any data to Health.";
				INFOPLIST_KEY_UIApplicationSceneManifest_Generation = YES;
				INFOPLIST_KEY_UILaunchScreen_Generation = YES;
				INFOPLIST_KEY_UISupportedInterfaceOrientations = UIInterfaceOrientationPortrait;
				IPHONEOS_DEPLOYMENT_TARGET = 17.0;
				LD_RUNPATH_SEARCH_PATHS = (
					"$(inherited)",
					"@executable_path/Frameworks",
				);
				PRODUCT_BUNDLE_IDENTIFIER = com.lyonecho.lumen;
				SDKROOT = iphoneos;
				TARGETED_DEVICE_FAMILY = 1;
			};
			name = Release;
		};
		E1EA20B4C214EA0AEFBE288D /* Debug */ = {
			isa = XCBuildConfiguration;
			buildSettings = {
				CODE_SIGN_ENTITLEMENTS = LumenActivityReport/LumenActivityReport.entitlements;
				GENERATE_INFOPLIST_FILE = NO;
				INFOPLIST_FILE = LumenActivityReport/Info.plist;
				IPHONEOS_DEPLOYMENT_TARGET = 17.0;
				LD_RUNPATH_SEARCH_PATHS = (
					"$(inherited)",
					"@executable_path/Frameworks",
					"@executable_path/../../Frameworks",
				);
				PRODUCT_BUNDLE_IDENTIFIER = com.lyonecho.lumen.activityreport;
				SDKROOT = iphoneos;
				TARGETED_DEVICE_FAMILY = 1;
			};
			name = Debug;
		};
/* End XCBuildConfiguration section */

/* Begin XCConfigurationList section */
		1B1DA35D7489FDDE3E5094CF /* Build configuration list for PBXNativeTarget "Lumen" */ = {
			isa = XCConfigurationList;
			buildConfigurations = (
				495B8F62CC5EA7D99DAD8F2D /* Debug */,
				DB69D605D392822F88A42FB2 /* Release */,
			);
			defaultConfigurationIsVisible = 0;
			defaultConfigurationName = Debug;
		};
		613EFDE6ED5DCB78AAE80574 /* Build configuration list for PBXNativeTarget "LumenActivityReport" */ = {
			isa = XCConfigurationList;
			buildConfigurations = (
				E1EA20B4C214EA0AEFBE288D /* Debug */,
				C202B98F075197DD57DFB752 /* Release */,
			);
			defaultConfigurationIsVisible = 0;
			defaultConfigurationName = Debug;
		};
		CAE5F36F192090F76737D08C /* Build configuration list for PBXProject "Lumen" */ = {
			isa = XCConfigurationList;
			buildConfigurations = (
				AA076C7BC7C6C45F1BB03F03 /* Debug */,
				2D2F99B6443D2E21D64FD94E /* Release */,
			);
			defaultConfigurationIsVisible = 0;
			defaultConfigurationName = Debug;
		};
		E2EA8EF10CACBF965341DC20 /* Build configuration list for PBXNativeTarget "LumenActivityMonitor" */ = {
			isa = XCConfigurationList;
			buildConfigurations = (
				D2BFEB14987ECDBD9CD9928B /* Debug */,
				B1831998841A58A180C26382 /* Release */,
			);
			defaultConfigurationIsVisible = 0;
			defaultConfigurationName = Debug;
		};
/* End XCConfigurationList section */
	};
	rootObject = B6B7785E344ACFF4DA083092 /* Project object */;
}
